// !$*UTF8*$!
{
	archiveVersion = 1;
	classes = {
	};
	objectVersion = 46;
	objects = {

/* Begin PBXBuildFile section */
		EB1D63A418F20506009A78B9 /* VoteCountTVC.m in Sources */ = {isa = PBXBuildFile; fileRef = EB1D63A318F20506009A78B9 /* VoteCountTVC.m */; };
		EB1D63A718F20B48009A78B9 /* CompanyProfileVC.m in Sources */ = {isa = PBXBuildFile; fileRef = EB1D63A618F20B48009A78B9 /* CompanyProfileVC.m */; };
		EB35008618EE3B9B009220E4 /* CompanyView.m in Sources */ = {isa = PBXBuildFile; fileRef = EB35008518EE3B9B009220E4 /* CompanyView.m */; };
		EB35008918EE3BC8009220E4 /* DraggableView.m in Sources */ = {isa = PBXBuildFile; fileRef = EB35008818EE3BC8009220E4 /* DraggableView.m */; };
		EB35008C18EE4051009220E4 /* HoNVC.m in Sources */ = {isa = PBXBuildFile; fileRef = EB35008B18EE4051009220E4 /* HoNVC.m */; };
		EB3F101C18EE35FE0078FD8E /* Foundation.framework in Frameworks */ = {isa = PBXBuildFile; fileRef = EB3F101B18EE35FE0078FD8E /* Foundation.framework */; };
		EB3F101E18EE35FE0078FD8E /* CoreGraphics.framework in Frameworks */ = {isa = PBXBuildFile; fileRef = EB3F101D18EE35FE0078FD8E /* CoreGraphics.framework */; };
		EB3F102018EE35FE0078FD8E /* UIKit.framework in Frameworks */ = {isa = PBXBuildFile; fileRef = EB3F101F18EE35FE0078FD8E /* UIKit.framework */; };
		EB3F102618EE35FE0078FD8E /* InfoPlist.strings in Resources */ = {isa = PBXBuildFile; fileRef = EB3F102418EE35FE0078FD8E /* InfoPlist.strings */; };
		EB3F102818EE35FE0078FD8E /* main.m in Sources */ = {isa = PBXBuildFile; fileRef = EB3F102718EE35FE0078FD8E /* main.m */; };
		EB3F102C18EE35FE0078FD8E /* HoNAppDelegate.m in Sources */ = {isa = PBXBuildFile; fileRef = EB3F102B18EE35FE0078FD8E /* HoNAppDelegate.m */; };
		EB3F102F18EE35FE0078FD8E /* Main_iPhone.storyboard in Resources */ = {isa = PBXBuildFile; fileRef = EB3F102D18EE35FE0078FD8E /* Main_iPhone.storyboard */; };
		EB3F103718EE35FE0078FD8E /* Images.xcassets in Resources */ = {isa = PBXBuildFile; fileRef = EB3F103618EE35FE0078FD8E /* Images.xcassets */; };
		EB3F103E18EE35FF0078FD8E /* XCTest.framework in Frameworks */ = {isa = PBXBuildFile; fileRef = EB3F103D18EE35FF0078FD8E /* XCTest.framework */; };
		EB3F103F18EE35FF0078FD8E /* Foundation.framework in Frameworks */ = {isa = PBXBuildFile; fileRef = EB3F101B18EE35FE0078FD8E /* Foundation.framework */; };
		EB3F104018EE35FF0078FD8E /* UIKit.framework in Frameworks */ = {isa = PBXBuildFile; fileRef = EB3F101F18EE35FE0078FD8E /* UIKit.framework */; };
		EB3F104818EE35FF0078FD8E /* InfoPlist.strings in Resources */ = {isa = PBXBuildFile; fileRef = EB3F104618EE35FF0078FD8E /* InfoPlist.strings */; };
		EB3F104A18EE35FF0078FD8E /* HotOrNotTests.m in Sources */ = {isa = PBXBuildFile; fileRef = EB3F104918EE35FF0078FD8E /* HotOrNotTests.m */; };
		EB6D9C8D19047E8B003AD400 /* CoreLocation.framework in Frameworks */ = {isa = PBXBuildFile; fileRef = EB6D9C8C19047E8B003AD400 /* CoreLocation.framework */; };
		EBB2D38818EE4985003021BF /* OverlayView.m in Sources */ = {isa = PBXBuildFile; fileRef = EBB2D38718EE4985003021BF /* OverlayView.m */; };
		EBDC422D191C718C00B8AC9D /* ComparisonViewVC.m in Sources */ = {isa = PBXBuildFile; fileRef = EBDC422C191C718C00B8AC9D /* ComparisonViewVC.m */; };
		FF283654190788FB00B683A1 /* AFHTTPRequestOperation.m in Sources */ = {isa = PBXBuildFile; fileRef = FF283630190788FB00B683A1 /* AFHTTPRequestOperation.m */; };
		FF283655190788FB00B683A1 /* AFHTTPRequestOperationManager.m in Sources */ = {isa = PBXBuildFile; fileRef = FF283632190788FB00B683A1 /* AFHTTPRequestOperationManager.m */; };
		FF283656190788FB00B683A1 /* AFHTTPSessionManager.m in Sources */ = {isa = PBXBuildFile; fileRef = FF283634190788FB00B683A1 /* AFHTTPSessionManager.m */; };
		FF283657190788FB00B683A1 /* AFNetworkReachabilityManager.m in Sources */ = {isa = PBXBuildFile; fileRef = FF283637190788FB00B683A1 /* AFNetworkReachabilityManager.m */; };
		FF283658190788FB00B683A1 /* AFSecurityPolicy.m in Sources */ = {isa = PBXBuildFile; fileRef = FF283639190788FB00B683A1 /* AFSecurityPolicy.m */; };
		FF283659190788FB00B683A1 /* AFURLConnectionOperation.m in Sources */ = {isa = PBXBuildFile; fileRef = FF28363B190788FB00B683A1 /* AFURLConnectionOperation.m */; };
		FF28365A190788FB00B683A1 /* AFURLRequestSerialization.m in Sources */ = {isa = PBXBuildFile; fileRef = FF28363D190788FB00B683A1 /* AFURLRequestSerialization.m */; };
		FF28365B190788FB00B683A1 /* AFURLResponseSerialization.m in Sources */ = {isa = PBXBuildFile; fileRef = FF28363F190788FB00B683A1 /* AFURLResponseSerialization.m */; };
		FF28365C190788FB00B683A1 /* AFURLSessionManager.m in Sources */ = {isa = PBXBuildFile; fileRef = FF283641190788FB00B683A1 /* AFURLSessionManager.m */; };
		FF28365D190788FB00B683A1 /* AFNetworkActivityIndicatorManager.m in Sources */ = {isa = PBXBuildFile; fileRef = FF283644190788FB00B683A1 /* AFNetworkActivityIndicatorManager.m */; };
		FF28365E190788FB00B683A1 /* UIActivityIndicatorView+AFNetworking.m in Sources */ = {isa = PBXBuildFile; fileRef = FF283646190788FB00B683A1 /* UIActivityIndicatorView+AFNetworking.m */; };
		FF28365F190788FB00B683A1 /* UIAlertView+AFNetworking.m in Sources */ = {isa = PBXBuildFile; fileRef = FF283648190788FB00B683A1 /* UIAlertView+AFNetworking.m */; };
		FF283660190788FB00B683A1 /* UIButton+AFNetworking.m in Sources */ = {isa = PBXBuildFile; fileRef = FF28364A190788FB00B683A1 /* UIButton+AFNetworking.m */; };
		FF283661190788FB00B683A1 /* UIImageView+AFNetworking.m in Sources */ = {isa = PBXBuildFile; fileRef = FF28364C190788FB00B683A1 /* UIImageView+AFNetworking.m */; };
		FF283662190788FB00B683A1 /* UIProgressView+AFNetworking.m in Sources */ = {isa = PBXBuildFile; fileRef = FF28364F190788FB00B683A1 /* UIProgressView+AFNetworking.m */; };
		FF283663190788FB00B683A1 /* UIRefreshControl+AFNetworking.m in Sources */ = {isa = PBXBuildFile; fileRef = FF283651190788FB00B683A1 /* UIRefreshControl+AFNetworking.m */; };
		FF283664190788FB00B683A1 /* UIWebView+AFNetworking.m in Sources */ = {isa = PBXBuildFile; fileRef = FF283653190788FB00B683A1 /* UIWebView+AFNetworking.m */; };
		FF876B5419230C6B00FC0C24 /* Changelog.txt in Resources */ = {isa = PBXBuildFile; fileRef = FF876B2119230C6B00FC0C24 /* Changelog.txt */; };
		FF876B7319230C6B00FC0C24 /* Readme.txt in Resources */ = {isa = PBXBuildFile; fileRef = FF876B5319230C6B00FC0C24 /* Readme.txt */; };
		FF876B7819230C7300FC0C24 /* libGoogleAnalyticsServices.a in Frameworks */ = {isa = PBXBuildFile; fileRef = FF876B7719230C7300FC0C24 /* libGoogleAnalyticsServices.a */; };
		FF876B7A19230F1800FC0C24 /* CoreData.framework in Frameworks */ = {isa = PBXBuildFile; fileRef = FF876B7919230F1800FC0C24 /* CoreData.framework */; };
		FF876B7C19230F2200FC0C24 /* AdSupport.framework in Frameworks */ = {isa = PBXBuildFile; fileRef = FF876B7B19230F2200FC0C24 /* AdSupport.framework */; };
		FF876B7E19230F3400FC0C24 /* SystemConfiguration.framework in Frameworks */ = {isa = PBXBuildFile; fileRef = FF876B7D19230F3400FC0C24 /* SystemConfiguration.framework */; };
		FF876B8019230F9F00FC0C24 /* libz.dylib in Frameworks */ = {isa = PBXBuildFile; fileRef = FF876B7F19230F9F00FC0C24 /* libz.dylib */; };
		FFB2B7F71914543D00649C0F /* DraggableGraphView.m in Sources */ = {isa = PBXBuildFile; fileRef = FFB2B7F61914543D00649C0F /* DraggableGraphView.m */; };
		FFC130D619133B9F00A99035 /* MBProgressHUD.m in Sources */ = {isa = PBXBuildFile; fileRef = FFC130BA19133B9F00A99035 /* MBProgressHUD.m */; };
		FFCC4FF019231B8000EB01A8 /* Security.framework in Frameworks */ = {isa = PBXBuildFile; fileRef = FFCC4FEF19231B8000EB01A8 /* Security.framework */; };
		FFCC4FF219231B8700EB01A8 /* MessageUI.framework in Frameworks */ = {isa = PBXBuildFile; fileRef = FFCC4FF119231B8700EB01A8 /* MessageUI.framework */; };
		FFF1C343190767BD00A24A99 /* HoNManager.m in Sources */ = {isa = PBXBuildFile; fileRef = FFF1C342190767BD00A24A99 /* HoNManager.m */; };
/* End PBXBuildFile section */

/* Begin PBXContainerItemProxy section */
		EB3F104118EE35FF0078FD8E /* PBXContainerItemProxy */ = {
			isa = PBXContainerItemProxy;
			containerPortal = EB3F101018EE35FE0078FD8E /* Project object */;
			proxyType = 1;
			remoteGlobalIDString = EB3F101718EE35FE0078FD8E;
			remoteInfo = HotOrNot;
		};
		FF76916B1935696500438D30 /* PBXContainerItemProxy */ = {
			isa = PBXContainerItemProxy;
			containerPortal = FF7691661935696500438D30 /* VVDocumenter-Xcode.xcodeproj */;
			proxyType = 2;
			remoteGlobalIDString = D14380F3179551B900C829CE;
			remoteInfo = "VVDocumenter-Xcode";
		};
		FF76916D1935696500438D30 /* PBXContainerItemProxy */ = {
			isa = PBXContainerItemProxy;
			containerPortal = FF7691661935696500438D30 /* VVDocumenter-Xcode.xcodeproj */;
			proxyType = 2;
			remoteGlobalIDString = D1C462DA17999C2000EB7B23;
			remoteInfo = VVDocumenterTests;
		};
/* End PBXContainerItemProxy section */

/* Begin PBXFileReference section */
		EB1D63A218F20506009A78B9 /* VoteCountTVC.h */ = {isa = PBXFileReference; fileEncoding = 4; lastKnownFileType = sourcecode.c.h; path = VoteCountTVC.h; sourceTree = "<group>"; };
		EB1D63A318F20506009A78B9 /* VoteCountTVC.m */ = {isa = PBXFileReference; fileEncoding = 4; lastKnownFileType = sourcecode.c.objc; path = VoteCountTVC.m; sourceTree = "<group>"; };
		EB1D63A518F20B48009A78B9 /* CompanyProfileVC.h */ = {isa = PBXFileReference; fileEncoding = 4; lastKnownFileType = sourcecode.c.h; path = CompanyProfileVC.h; sourceTree = "<group>"; };
		EB1D63A618F20B48009A78B9 /* CompanyProfileVC.m */ = {isa = PBXFileReference; fileEncoding = 4; lastKnownFileType = sourcecode.c.objc; path = CompanyProfileVC.m; sourceTree = "<group>"; };
		EB35008418EE3B9B009220E4 /* CompanyView.h */ = {isa = PBXFileReference; fileEncoding = 4; lastKnownFileType = sourcecode.c.h; path = CompanyView.h; sourceTree = "<group>"; };
		EB35008518EE3B9B009220E4 /* CompanyView.m */ = {isa = PBXFileReference; fileEncoding = 4; lastKnownFileType = sourcecode.c.objc; path = CompanyView.m; sourceTree = "<group>"; };
		EB35008718EE3BC8009220E4 /* DraggableView.h */ = {isa = PBXFileReference; fileEncoding = 4; lastKnownFileType = sourcecode.c.h; path = DraggableView.h; sourceTree = "<group>"; };
		EB35008818EE3BC8009220E4 /* DraggableView.m */ = {isa = PBXFileReference; fileEncoding = 4; lastKnownFileType = sourcecode.c.objc; path = DraggableView.m; sourceTree = "<group>"; };
		EB35008A18EE4051009220E4 /* HoNVC.h */ = {isa = PBXFileReference; fileEncoding = 4; lastKnownFileType = sourcecode.c.h; path = HoNVC.h; sourceTree = "<group>"; };
		EB35008B18EE4051009220E4 /* HoNVC.m */ = {isa = PBXFileReference; fileEncoding = 4; lastKnownFileType = sourcecode.c.objc; path = HoNVC.m; sourceTree = "<group>"; };
		EB3F101818EE35FE0078FD8E /* Thermal.app */ = {isa = PBXFileReference; explicitFileType = wrapper.application; includeInIndex = 0; path = Thermal.app; sourceTree = BUILT_PRODUCTS_DIR; };
		EB3F101B18EE35FE0078FD8E /* Foundation.framework */ = {isa = PBXFileReference; lastKnownFileType = wrapper.framework; name = Foundation.framework; path = System/Library/Frameworks/Foundation.framework; sourceTree = SDKROOT; };
		EB3F101D18EE35FE0078FD8E /* CoreGraphics.framework */ = {isa = PBXFileReference; lastKnownFileType = wrapper.framework; name = CoreGraphics.framework; path = System/Library/Frameworks/CoreGraphics.framework; sourceTree = SDKROOT; };
		EB3F101F18EE35FE0078FD8E /* UIKit.framework */ = {isa = PBXFileReference; lastKnownFileType = wrapper.framework; name = UIKit.framework; path = System/Library/Frameworks/UIKit.framework; sourceTree = SDKROOT; };
		EB3F102318EE35FE0078FD8E /* Thermal-Info.plist */ = {isa = PBXFileReference; lastKnownFileType = text.plist.xml; path = "Thermal-Info.plist"; sourceTree = "<group>"; };
		EB3F102518EE35FE0078FD8E /* en */ = {isa = PBXFileReference; lastKnownFileType = text.plist.strings; name = en; path = en.lproj/InfoPlist.strings; sourceTree = "<group>"; };
		EB3F102718EE35FE0078FD8E /* main.m */ = {isa = PBXFileReference; lastKnownFileType = sourcecode.c.objc; path = main.m; sourceTree = "<group>"; };
		EB3F102918EE35FE0078FD8E /* Thermal-Prefix.pch */ = {isa = PBXFileReference; lastKnownFileType = sourcecode.c.h; path = "Thermal-Prefix.pch"; sourceTree = "<group>"; };
		EB3F102A18EE35FE0078FD8E /* HoNAppDelegate.h */ = {isa = PBXFileReference; lastKnownFileType = sourcecode.c.h; path = HoNAppDelegate.h; sourceTree = "<group>"; };
		EB3F102B18EE35FE0078FD8E /* HoNAppDelegate.m */ = {isa = PBXFileReference; lastKnownFileType = sourcecode.c.objc; path = HoNAppDelegate.m; sourceTree = "<group>"; };
		EB3F102E18EE35FE0078FD8E /* Base */ = {isa = PBXFileReference; lastKnownFileType = file.storyboard; name = Base; path = Base.lproj/Main_iPhone.storyboard; sourceTree = "<group>"; };
		EB3F103618EE35FE0078FD8E /* Images.xcassets */ = {isa = PBXFileReference; lastKnownFileType = folder.assetcatalog; path = Images.xcassets; sourceTree = "<group>"; };
		EB3F103C18EE35FF0078FD8E /* ThermalTests.xctest */ = {isa = PBXFileReference; explicitFileType = wrapper.cfbundle; includeInIndex = 0; path = ThermalTests.xctest; sourceTree = BUILT_PRODUCTS_DIR; };
		EB3F103D18EE35FF0078FD8E /* XCTest.framework */ = {isa = PBXFileReference; lastKnownFileType = wrapper.framework; name = XCTest.framework; path = Library/Frameworks/XCTest.framework; sourceTree = DEVELOPER_DIR; };
		EB3F104518EE35FF0078FD8E /* ThermalTests-Info.plist */ = {isa = PBXFileReference; lastKnownFileType = text.plist.xml; path = "ThermalTests-Info.plist"; sourceTree = "<group>"; };
		EB3F104718EE35FF0078FD8E /* en */ = {isa = PBXFileReference; lastKnownFileType = text.plist.strings; name = en; path = en.lproj/InfoPlist.strings; sourceTree = "<group>"; };
		EB3F104918EE35FF0078FD8E /* HotOrNotTests.m */ = {isa = PBXFileReference; lastKnownFileType = sourcecode.c.objc; path = HotOrNotTests.m; sourceTree = "<group>"; };
		EB6D9C8C19047E8B003AD400 /* CoreLocation.framework */ = {isa = PBXFileReference; lastKnownFileType = wrapper.framework; name = CoreLocation.framework; path = System/Library/Frameworks/CoreLocation.framework; sourceTree = SDKROOT; };
		EBB2D38618EE4985003021BF /* OverlayView.h */ = {isa = PBXFileReference; fileEncoding = 4; lastKnownFileType = sourcecode.c.h; path = OverlayView.h; sourceTree = "<group>"; };
		EBB2D38718EE4985003021BF /* OverlayView.m */ = {isa = PBXFileReference; fileEncoding = 4; lastKnownFileType = sourcecode.c.objc; path = OverlayView.m; sourceTree = "<group>"; };
		EBDC422B191C718C00B8AC9D /* ComparisonViewVC.h */ = {isa = PBXFileReference; fileEncoding = 4; lastKnownFileType = sourcecode.c.h; path = ComparisonViewVC.h; sourceTree = "<group>"; };
		EBDC422C191C718C00B8AC9D /* ComparisonViewVC.m */ = {isa = PBXFileReference; fileEncoding = 4; lastKnownFileType = sourcecode.c.objc; path = ComparisonViewVC.m; sourceTree = "<group>"; };
		FF28362F190788FB00B683A1 /* AFHTTPRequestOperation.h */ = {isa = PBXFileReference; fileEncoding = 4; lastKnownFileType = sourcecode.c.h; path = AFHTTPRequestOperation.h; sourceTree = "<group>"; };
		FF283630190788FB00B683A1 /* AFHTTPRequestOperation.m */ = {isa = PBXFileReference; fileEncoding = 4; lastKnownFileType = sourcecode.c.objc; path = AFHTTPRequestOperation.m; sourceTree = "<group>"; };
		FF283631190788FB00B683A1 /* AFHTTPRequestOperationManager.h */ = {isa = PBXFileReference; fileEncoding = 4; lastKnownFileType = sourcecode.c.h; path = AFHTTPRequestOperationManager.h; sourceTree = "<group>"; };
		FF283632190788FB00B683A1 /* AFHTTPRequestOperationManager.m */ = {isa = PBXFileReference; fileEncoding = 4; lastKnownFileType = sourcecode.c.objc; path = AFHTTPRequestOperationManager.m; sourceTree = "<group>"; };
		FF283633190788FB00B683A1 /* AFHTTPSessionManager.h */ = {isa = PBXFileReference; fileEncoding = 4; lastKnownFileType = sourcecode.c.h; path = AFHTTPSessionManager.h; sourceTree = "<group>"; };
		FF283634190788FB00B683A1 /* AFHTTPSessionManager.m */ = {isa = PBXFileReference; fileEncoding = 4; lastKnownFileType = sourcecode.c.objc; path = AFHTTPSessionManager.m; sourceTree = "<group>"; };
		FF283635190788FB00B683A1 /* AFNetworking.h */ = {isa = PBXFileReference; fileEncoding = 4; lastKnownFileType = sourcecode.c.h; path = AFNetworking.h; sourceTree = "<group>"; };
		FF283636190788FB00B683A1 /* AFNetworkReachabilityManager.h */ = {isa = PBXFileReference; fileEncoding = 4; lastKnownFileType = sourcecode.c.h; path = AFNetworkReachabilityManager.h; sourceTree = "<group>"; };
		FF283637190788FB00B683A1 /* AFNetworkReachabilityManager.m */ = {isa = PBXFileReference; fileEncoding = 4; lastKnownFileType = sourcecode.c.objc; path = AFNetworkReachabilityManager.m; sourceTree = "<group>"; };
		FF283638190788FB00B683A1 /* AFSecurityPolicy.h */ = {isa = PBXFileReference; fileEncoding = 4; lastKnownFileType = sourcecode.c.h; path = AFSecurityPolicy.h; sourceTree = "<group>"; };
		FF283639190788FB00B683A1 /* AFSecurityPolicy.m */ = {isa = PBXFileReference; fileEncoding = 4; lastKnownFileType = sourcecode.c.objc; path = AFSecurityPolicy.m; sourceTree = "<group>"; };
		FF28363A190788FB00B683A1 /* AFURLConnectionOperation.h */ = {isa = PBXFileReference; fileEncoding = 4; lastKnownFileType = sourcecode.c.h; path = AFURLConnectionOperation.h; sourceTree = "<group>"; };
		FF28363B190788FB00B683A1 /* AFURLConnectionOperation.m */ = {isa = PBXFileReference; fileEncoding = 4; lastKnownFileType = sourcecode.c.objc; path = AFURLConnectionOperation.m; sourceTree = "<group>"; };
		FF28363C190788FB00B683A1 /* AFURLRequestSerialization.h */ = {isa = PBXFileReference; fileEncoding = 4; lastKnownFileType = sourcecode.c.h; path = AFURLRequestSerialization.h; sourceTree = "<group>"; };
		FF28363D190788FB00B683A1 /* AFURLRequestSerialization.m */ = {isa = PBXFileReference; fileEncoding = 4; lastKnownFileType = sourcecode.c.objc; path = AFURLRequestSerialization.m; sourceTree = "<group>"; };
		FF28363E190788FB00B683A1 /* AFURLResponseSerialization.h */ = {isa = PBXFileReference; fileEncoding = 4; lastKnownFileType = sourcecode.c.h; path = AFURLResponseSerialization.h; sourceTree = "<group>"; };
		FF28363F190788FB00B683A1 /* AFURLResponseSerialization.m */ = {isa = PBXFileReference; fileEncoding = 4; lastKnownFileType = sourcecode.c.objc; path = AFURLResponseSerialization.m; sourceTree = "<group>"; };
		FF283640190788FB00B683A1 /* AFURLSessionManager.h */ = {isa = PBXFileReference; fileEncoding = 4; lastKnownFileType = sourcecode.c.h; path = AFURLSessionManager.h; sourceTree = "<group>"; };
		FF283641190788FB00B683A1 /* AFURLSessionManager.m */ = {isa = PBXFileReference; fileEncoding = 4; lastKnownFileType = sourcecode.c.objc; path = AFURLSessionManager.m; sourceTree = "<group>"; };
		FF283643190788FB00B683A1 /* AFNetworkActivityIndicatorManager.h */ = {isa = PBXFileReference; fileEncoding = 4; lastKnownFileType = sourcecode.c.h; path = AFNetworkActivityIndicatorManager.h; sourceTree = "<group>"; };
		FF283644190788FB00B683A1 /* AFNetworkActivityIndicatorManager.m */ = {isa = PBXFileReference; fileEncoding = 4; lastKnownFileType = sourcecode.c.objc; path = AFNetworkActivityIndicatorManager.m; sourceTree = "<group>"; };
		FF283645190788FB00B683A1 /* UIActivityIndicatorView+AFNetworking.h */ = {isa = PBXFileReference; fileEncoding = 4; lastKnownFileType = sourcecode.c.h; path = "UIActivityIndicatorView+AFNetworking.h"; sourceTree = "<group>"; };
		FF283646190788FB00B683A1 /* UIActivityIndicatorView+AFNetworking.m */ = {isa = PBXFileReference; fileEncoding = 4; lastKnownFileType = sourcecode.c.objc; path = "UIActivityIndicatorView+AFNetworking.m"; sourceTree = "<group>"; };
		FF283647190788FB00B683A1 /* UIAlertView+AFNetworking.h */ = {isa = PBXFileReference; fileEncoding = 4; lastKnownFileType = sourcecode.c.h; path = "UIAlertView+AFNetworking.h"; sourceTree = "<group>"; };
		FF283648190788FB00B683A1 /* UIAlertView+AFNetworking.m */ = {isa = PBXFileReference; fileEncoding = 4; lastKnownFileType = sourcecode.c.objc; path = "UIAlertView+AFNetworking.m"; sourceTree = "<group>"; };
		FF283649190788FB00B683A1 /* UIButton+AFNetworking.h */ = {isa = PBXFileReference; fileEncoding = 4; lastKnownFileType = sourcecode.c.h; path = "UIButton+AFNetworking.h"; sourceTree = "<group>"; };
		FF28364A190788FB00B683A1 /* UIButton+AFNetworking.m */ = {isa = PBXFileReference; fileEncoding = 4; lastKnownFileType = sourcecode.c.objc; path = "UIButton+AFNetworking.m"; sourceTree = "<group>"; };
		FF28364B190788FB00B683A1 /* UIImageView+AFNetworking.h */ = {isa = PBXFileReference; fileEncoding = 4; lastKnownFileType = sourcecode.c.h; path = "UIImageView+AFNetworking.h"; sourceTree = "<group>"; };
		FF28364C190788FB00B683A1 /* UIImageView+AFNetworking.m */ = {isa = PBXFileReference; fileEncoding = 4; lastKnownFileType = sourcecode.c.objc; path = "UIImageView+AFNetworking.m"; sourceTree = "<group>"; };
		FF28364D190788FB00B683A1 /* UIKit+AFNetworking.h */ = {isa = PBXFileReference; fileEncoding = 4; lastKnownFileType = sourcecode.c.h; path = "UIKit+AFNetworking.h"; sourceTree = "<group>"; };
		FF28364E190788FB00B683A1 /* UIProgressView+AFNetworking.h */ = {isa = PBXFileReference; fileEncoding = 4; lastKnownFileType = sourcecode.c.h; path = "UIProgressView+AFNetworking.h"; sourceTree = "<group>"; };
		FF28364F190788FB00B683A1 /* UIProgressView+AFNetworking.m */ = {isa = PBXFileReference; fileEncoding = 4; lastKnownFileType = sourcecode.c.objc; path = "UIProgressView+AFNetworking.m"; sourceTree = "<group>"; };
		FF283650190788FB00B683A1 /* UIRefreshControl+AFNetworking.h */ = {isa = PBXFileReference; fileEncoding = 4; lastKnownFileType = sourcecode.c.h; path = "UIRefreshControl+AFNetworking.h"; sourceTree = "<group>"; };
		FF283651190788FB00B683A1 /* UIRefreshControl+AFNetworking.m */ = {isa = PBXFileReference; fileEncoding = 4; lastKnownFileType = sourcecode.c.objc; path = "UIRefreshControl+AFNetworking.m"; sourceTree = "<group>"; };
		FF283652190788FB00B683A1 /* UIWebView+AFNetworking.h */ = {isa = PBXFileReference; fileEncoding = 4; lastKnownFileType = sourcecode.c.h; path = "UIWebView+AFNetworking.h"; sourceTree = "<group>"; };
		FF283653190788FB00B683A1 /* UIWebView+AFNetworking.m */ = {isa = PBXFileReference; fileEncoding = 4; lastKnownFileType = sourcecode.c.objc; path = "UIWebView+AFNetworking.m"; sourceTree = "<group>"; };
		FF7691661935696500438D30 /* VVDocumenter-Xcode.xcodeproj */ = {isa = PBXFileReference; lastKnownFileType = "wrapper.pb-project"; name = "VVDocumenter-Xcode.xcodeproj"; path = "VVDocumenter-Xcode/VVDocumenter-Xcode.xcodeproj"; sourceTree = "<group>"; };
		FF876B2119230C6B00FC0C24 /* Changelog.txt */ = {isa = PBXFileReference; fileEncoding = 4; lastKnownFileType = text; path = Changelog.txt; sourceTree = "<group>"; };
		FF876B4D19230C6B00FC0C24 /* GAI.h */ = {isa = PBXFileReference; fileEncoding = 4; lastKnownFileType = sourcecode.c.h; path = GAI.h; sourceTree = "<group>"; };
		FF876B4E19230C6B00FC0C24 /* GAIDictionaryBuilder.h */ = {isa = PBXFileReference; fileEncoding = 4; lastKnownFileType = sourcecode.c.h; path = GAIDictionaryBuilder.h; sourceTree = "<group>"; };
		FF876B4F19230C6B00FC0C24 /* GAIFields.h */ = {isa = PBXFileReference; fileEncoding = 4; lastKnownFileType = sourcecode.c.h; path = GAIFields.h; sourceTree = "<group>"; };
		FF876B5019230C6B00FC0C24 /* GAILogger.h */ = {isa = PBXFileReference; fileEncoding = 4; lastKnownFileType = sourcecode.c.h; path = GAILogger.h; sourceTree = "<group>"; };
		FF876B5119230C6B00FC0C24 /* GAITrackedViewController.h */ = {isa = PBXFileReference; fileEncoding = 4; lastKnownFileType = sourcecode.c.h; path = GAITrackedViewController.h; sourceTree = "<group>"; };
		FF876B5219230C6B00FC0C24 /* GAITracker.h */ = {isa = PBXFileReference; fileEncoding = 4; lastKnownFileType = sourcecode.c.h; path = GAITracker.h; sourceTree = "<group>"; };
		FF876B5319230C6B00FC0C24 /* Readme.txt */ = {isa = PBXFileReference; fileEncoding = 4; lastKnownFileType = text; path = Readme.txt; sourceTree = "<group>"; };
		FF876B7719230C7300FC0C24 /* libGoogleAnalyticsServices.a */ = {isa = PBXFileReference; lastKnownFileType = archive.ar; path = libGoogleAnalyticsServices.a; sourceTree = "<group>"; };
		FF876B7919230F1800FC0C24 /* CoreData.framework */ = {isa = PBXFileReference; lastKnownFileType = wrapper.framework; name = CoreData.framework; path = System/Library/Frameworks/CoreData.framework; sourceTree = SDKROOT; };
		FF876B7B19230F2200FC0C24 /* AdSupport.framework */ = {isa = PBXFileReference; lastKnownFileType = wrapper.framework; name = AdSupport.framework; path = System/Library/Frameworks/AdSupport.framework; sourceTree = SDKROOT; };
		FF876B7D19230F3400FC0C24 /* SystemConfiguration.framework */ = {isa = PBXFileReference; lastKnownFileType = wrapper.framework; name = SystemConfiguration.framework; path = System/Library/Frameworks/SystemConfiguration.framework; sourceTree = SDKROOT; };
		FF876B7F19230F9F00FC0C24 /* libz.dylib */ = {isa = PBXFileReference; lastKnownFileType = "compiled.mach-o.dylib"; name = libz.dylib; path = usr/lib/libz.dylib; sourceTree = SDKROOT; };
		FFB2B7F51914543D00649C0F /* DraggableGraphView.h */ = {isa = PBXFileReference; fileEncoding = 4; lastKnownFileType = sourcecode.c.h; path = DraggableGraphView.h; sourceTree = "<group>"; };
		FFB2B7F61914543D00649C0F /* DraggableGraphView.m */ = {isa = PBXFileReference; fileEncoding = 4; lastKnownFileType = sourcecode.c.objc; path = DraggableGraphView.m; sourceTree = "<group>"; };
		FFC130B919133B9F00A99035 /* MBProgressHUD.h */ = {isa = PBXFileReference; fileEncoding = 4; lastKnownFileType = sourcecode.c.h; name = MBProgressHUD.h; path = MBProgressHUD/MBProgressHUD.h; sourceTree = "<group>"; };
		FFC130BA19133B9F00A99035 /* MBProgressHUD.m */ = {isa = PBXFileReference; fileEncoding = 4; lastKnownFileType = sourcecode.c.objc; name = MBProgressHUD.m; path = MBProgressHUD/MBProgressHUD.m; sourceTree = "<group>"; };
		FFCC4FEF19231B8000EB01A8 /* Security.framework */ = {isa = PBXFileReference; lastKnownFileType = wrapper.framework; name = Security.framework; path = System/Library/Frameworks/Security.framework; sourceTree = SDKROOT; };
		FFCC4FF119231B8700EB01A8 /* MessageUI.framework */ = {isa = PBXFileReference; lastKnownFileType = wrapper.framework; name = MessageUI.framework; path = System/Library/Frameworks/MessageUI.framework; sourceTree = SDKROOT; };
		FFF1C341190767BD00A24A99 /* HoNManager.h */ = {isa = PBXFileReference; fileEncoding = 4; lastKnownFileType = sourcecode.c.h; path = HoNManager.h; sourceTree = "<group>"; };
		FFF1C342190767BD00A24A99 /* HoNManager.m */ = {isa = PBXFileReference; fileEncoding = 4; lastKnownFileType = sourcecode.c.objc; path = HoNManager.m; sourceTree = "<group>"; };
/* End PBXFileReference section */

/* Begin PBXFrameworksBuildPhase section */
		EB3F101518EE35FE0078FD8E /* Frameworks */ = {
			isa = PBXFrameworksBuildPhase;
			buildActionMask = 2147483647;
			files = (
				FFCC4FF219231B8700EB01A8 /* MessageUI.framework in Frameworks */,
				FFCC4FF019231B8000EB01A8 /* Security.framework in Frameworks */,
				FF876B8019230F9F00FC0C24 /* libz.dylib in Frameworks */,
				FF876B7E19230F3400FC0C24 /* SystemConfiguration.framework in Frameworks */,
				FF876B7C19230F2200FC0C24 /* AdSupport.framework in Frameworks */,
				FF876B7A19230F1800FC0C24 /* CoreData.framework in Frameworks */,
				EB6D9C8D19047E8B003AD400 /* CoreLocation.framework in Frameworks */,
				EB3F101E18EE35FE0078FD8E /* CoreGraphics.framework in Frameworks */,
				EB3F102018EE35FE0078FD8E /* UIKit.framework in Frameworks */,
				FF876B7819230C7300FC0C24 /* libGoogleAnalyticsServices.a in Frameworks */,
				EB3F101C18EE35FE0078FD8E /* Foundation.framework in Frameworks */,
			);
			runOnlyForDeploymentPostprocessing = 0;
		};
		EB3F103918EE35FF0078FD8E /* Frameworks */ = {
			isa = PBXFrameworksBuildPhase;
			buildActionMask = 2147483647;
			files = (
				EB3F103E18EE35FF0078FD8E /* XCTest.framework in Frameworks */,
				EB3F104018EE35FF0078FD8E /* UIKit.framework in Frameworks */,
				EB3F103F18EE35FF0078FD8E /* Foundation.framework in Frameworks */,
			);
			runOnlyForDeploymentPostprocessing = 0;
		};
/* End PBXFrameworksBuildPhase section */

/* Begin PBXGroup section */
		EB3F100F18EE35FE0078FD8E = {
			isa = PBXGroup;
			children = (
				FF876B2019230C6B00FC0C24 /* GoogleAnalytics */,
				FF28362E190788FB00B683A1 /* AFNetworking */,
				FF283642190788FB00B683A1 /* UIKit+AFNetworking */,
				EB3F102D18EE35FE0078FD8E /* Main_iPhone.storyboard */,
				FFB2B7F51914543D00649C0F /* DraggableGraphView.h */,
				FFB2B7F61914543D00649C0F /* DraggableGraphView.m */,
				EBB2D38618EE4985003021BF /* OverlayView.h */,
				EBB2D38718EE4985003021BF /* OverlayView.m */,
				EB35008418EE3B9B009220E4 /* CompanyView.h */,
				EB35008518EE3B9B009220E4 /* CompanyView.m */,
				EB35008718EE3BC8009220E4 /* DraggableView.h */,
				EB35008818EE3BC8009220E4 /* DraggableView.m */,
				EBDC422B191C718C00B8AC9D /* ComparisonViewVC.h */,
				EBDC422C191C718C00B8AC9D /* ComparisonViewVC.m */,
				EB35008A18EE4051009220E4 /* HoNVC.h */,
				EB35008B18EE4051009220E4 /* HoNVC.m */,
				EB1D63A218F20506009A78B9 /* VoteCountTVC.h */,
				EB1D63A318F20506009A78B9 /* VoteCountTVC.m */,
				FFF1C341190767BD00A24A99 /* HoNManager.h */,
				FFF1C342190767BD00A24A99 /* HoNManager.m */,
				EB1D63A518F20B48009A78B9 /* CompanyProfileVC.h */,
				EB1D63A618F20B48009A78B9 /* CompanyProfileVC.m */,
				FFC130B919133B9F00A99035 /* MBProgressHUD.h */,
				FFC130BA19133B9F00A99035 /* MBProgressHUD.m */,
				EB3F102118EE35FE0078FD8E /* HotOrNot */,
				EB3F104318EE35FF0078FD8E /* HotOrNotTests */,
				EB3F101A18EE35FE0078FD8E /* Frameworks */,
				EB3F101918EE35FE0078FD8E /* Products */,
			);
			sourceTree = "<group>";
		};
		EB3F101918EE35FE0078FD8E /* Products */ = {
			isa = PBXGroup;
			children = (
				EB3F101818EE35FE0078FD8E /* Thermal.app */,
				EB3F103C18EE35FF0078FD8E /* ThermalTests.xctest */,
			);
			name = Products;
			sourceTree = "<group>";
		};
		EB3F101A18EE35FE0078FD8E /* Frameworks */ = {
			isa = PBXGroup;
			children = (
				FF7691661935696500438D30 /* VVDocumenter-Xcode.xcodeproj */,
				FFCC4FF119231B8700EB01A8 /* MessageUI.framework */,
				FFCC4FEF19231B8000EB01A8 /* Security.framework */,
				FF876B7F19230F9F00FC0C24 /* libz.dylib */,
				FF876B7D19230F3400FC0C24 /* SystemConfiguration.framework */,
				FF876B7B19230F2200FC0C24 /* AdSupport.framework */,
				FF876B7919230F1800FC0C24 /* CoreData.framework */,
				EB6D9C8C19047E8B003AD400 /* CoreLocation.framework */,
				EB3F101B18EE35FE0078FD8E /* Foundation.framework */,
				EB3F101D18EE35FE0078FD8E /* CoreGraphics.framework */,
				EB3F101F18EE35FE0078FD8E /* UIKit.framework */,
				EB3F103D18EE35FF0078FD8E /* XCTest.framework */,
			);
			name = Frameworks;
			sourceTree = "<group>";
		};
		EB3F102118EE35FE0078FD8E /* HotOrNot */ = {
			isa = PBXGroup;
			children = (
				EB3F102A18EE35FE0078FD8E /* HoNAppDelegate.h */,
				EB3F102B18EE35FE0078FD8E /* HoNAppDelegate.m */,
				EB3F103618EE35FE0078FD8E /* Images.xcassets */,
				EB3F102218EE35FE0078FD8E /* Supporting Files */,
			);
			path = HotOrNot;
			sourceTree = "<group>";
		};
		EB3F102218EE35FE0078FD8E /* Supporting Files */ = {
			isa = PBXGroup;
			children = (
				EB3F102318EE35FE0078FD8E /* Thermal-Info.plist */,
				EB3F102418EE35FE0078FD8E /* InfoPlist.strings */,
				EB3F102718EE35FE0078FD8E /* main.m */,
				EB3F102918EE35FE0078FD8E /* Thermal-Prefix.pch */,
			);
			name = "Supporting Files";
			sourceTree = "<group>";
		};
		EB3F104318EE35FF0078FD8E /* HotOrNotTests */ = {
			isa = PBXGroup;
			children = (
				EB3F104918EE35FF0078FD8E /* HotOrNotTests.m */,
				EB3F104418EE35FF0078FD8E /* Supporting Files */,
			);
			path = HotOrNotTests;
			sourceTree = "<group>";
		};
		EB3F104418EE35FF0078FD8E /* Supporting Files */ = {
			isa = PBXGroup;
			children = (
				EB3F104518EE35FF0078FD8E /* ThermalTests-Info.plist */,
				EB3F104618EE35FF0078FD8E /* InfoPlist.strings */,
			);
			name = "Supporting Files";
			sourceTree = "<group>";
		};
		FF28362E190788FB00B683A1 /* AFNetworking */ = {
			isa = PBXGroup;
			children = (
				FF28362F190788FB00B683A1 /* AFHTTPRequestOperation.h */,
				FF283630190788FB00B683A1 /* AFHTTPRequestOperation.m */,
				FF283631190788FB00B683A1 /* AFHTTPRequestOperationManager.h */,
				FF283632190788FB00B683A1 /* AFHTTPRequestOperationManager.m */,
				FF283633190788FB00B683A1 /* AFHTTPSessionManager.h */,
				FF283634190788FB00B683A1 /* AFHTTPSessionManager.m */,
				FF283635190788FB00B683A1 /* AFNetworking.h */,
				FF283636190788FB00B683A1 /* AFNetworkReachabilityManager.h */,
				FF283637190788FB00B683A1 /* AFNetworkReachabilityManager.m */,
				FF283638190788FB00B683A1 /* AFSecurityPolicy.h */,
				FF283639190788FB00B683A1 /* AFSecurityPolicy.m */,
				FF28363A190788FB00B683A1 /* AFURLConnectionOperation.h */,
				FF28363B190788FB00B683A1 /* AFURLConnectionOperation.m */,
				FF28363C190788FB00B683A1 /* AFURLRequestSerialization.h */,
				FF28363D190788FB00B683A1 /* AFURLRequestSerialization.m */,
				FF28363E190788FB00B683A1 /* AFURLResponseSerialization.h */,
				FF28363F190788FB00B683A1 /* AFURLResponseSerialization.m */,
				FF283640190788FB00B683A1 /* AFURLSessionManager.h */,
				FF283641190788FB00B683A1 /* AFURLSessionManager.m */,
			);
			path = AFNetworking;
			sourceTree = "<group>";
		};
		FF283642190788FB00B683A1 /* UIKit+AFNetworking */ = {
			isa = PBXGroup;
			children = (
				FF283643190788FB00B683A1 /* AFNetworkActivityIndicatorManager.h */,
				FF283644190788FB00B683A1 /* AFNetworkActivityIndicatorManager.m */,
				FF283645190788FB00B683A1 /* UIActivityIndicatorView+AFNetworking.h */,
				FF283646190788FB00B683A1 /* UIActivityIndicatorView+AFNetworking.m */,
				FF283647190788FB00B683A1 /* UIAlertView+AFNetworking.h */,
				FF283648190788FB00B683A1 /* UIAlertView+AFNetworking.m */,
				FF283649190788FB00B683A1 /* UIButton+AFNetworking.h */,
				FF28364A190788FB00B683A1 /* UIButton+AFNetworking.m */,
				FF28364B190788FB00B683A1 /* UIImageView+AFNetworking.h */,
				FF28364C190788FB00B683A1 /* UIImageView+AFNetworking.m */,
				FF28364D190788FB00B683A1 /* UIKit+AFNetworking.h */,
				FF28364E190788FB00B683A1 /* UIProgressView+AFNetworking.h */,
				FF28364F190788FB00B683A1 /* UIProgressView+AFNetworking.m */,
				FF283650190788FB00B683A1 /* UIRefreshControl+AFNetworking.h */,
				FF283651190788FB00B683A1 /* UIRefreshControl+AFNetworking.m */,
				FF283652190788FB00B683A1 /* UIWebView+AFNetworking.h */,
				FF283653190788FB00B683A1 /* UIWebView+AFNetworking.m */,
			);
			path = "UIKit+AFNetworking";
			sourceTree = "<group>";
		};
		FF7691671935696500438D30 /* Products */ = {
			isa = PBXGroup;
			children = (
				FF76916C1935696500438D30 /* VVDocumenter-Xcode.xcplugin */,
				FF76916E1935696500438D30 /* VVDocumenterTests.xctest */,
			);
			name = Products;
			sourceTree = "<group>";
		};
		FF876B2019230C6B00FC0C24 /* GoogleAnalytics */ = {
			isa = PBXGroup;
			children = (
				FF876B7719230C7300FC0C24 /* libGoogleAnalyticsServices.a */,
				FF876B2119230C6B00FC0C24 /* Changelog.txt */,
				FF876B4C19230C6B00FC0C24 /* Library */,
				FF876B5319230C6B00FC0C24 /* Readme.txt */,
			);
			path = GoogleAnalytics;
			sourceTree = "<group>";
		};
		FF876B4C19230C6B00FC0C24 /* Library */ = {
			isa = PBXGroup;
			children = (
				FF876B4D19230C6B00FC0C24 /* GAI.h */,
				FF876B4E19230C6B00FC0C24 /* GAIDictionaryBuilder.h */,
				FF876B4F19230C6B00FC0C24 /* GAIFields.h */,
				FF876B5019230C6B00FC0C24 /* GAILogger.h */,
				FF876B5119230C6B00FC0C24 /* GAITrackedViewController.h */,
				FF876B5219230C6B00FC0C24 /* GAITracker.h */,
			);
			path = Library;
			sourceTree = "<group>";
		};
/* End PBXGroup section */

/* Begin PBXNativeTarget section */
		EB3F101718EE35FE0078FD8E /* Thermal */ = {
			isa = PBXNativeTarget;
			buildConfigurationList = EB3F104D18EE35FF0078FD8E /* Build configuration list for PBXNativeTarget "Thermal" */;
			buildPhases = (
				EB3F101418EE35FE0078FD8E /* Sources */,
				EB3F101518EE35FE0078FD8E /* Frameworks */,
				EB3F101618EE35FE0078FD8E /* Resources */,
				FFACCD5E1937BDC00034D88A /* ShellScript */,
			);
			buildRules = (
			);
			dependencies = (
			);
			name = Thermal;
			productName = HotOrNot;
			productReference = EB3F101818EE35FE0078FD8E /* Thermal.app */;
			productType = "com.apple.product-type.application";
		};
		EB3F103B18EE35FF0078FD8E /* ThermalTests */ = {
			isa = PBXNativeTarget;
			buildConfigurationList = EB3F105018EE35FF0078FD8E /* Build configuration list for PBXNativeTarget "ThermalTests" */;
			buildPhases = (
				EB3F103818EE35FF0078FD8E /* Sources */,
				EB3F103918EE35FF0078FD8E /* Frameworks */,
				EB3F103A18EE35FF0078FD8E /* Resources */,
			);
			buildRules = (
			);
			dependencies = (
				EB3F104218EE35FF0078FD8E /* PBXTargetDependency */,
			);
			name = ThermalTests;
			productName = HotOrNotTests;
			productReference = EB3F103C18EE35FF0078FD8E /* ThermalTests.xctest */;
			productType = "com.apple.product-type.bundle.unit-test";
		};
/* End PBXNativeTarget section */

/* Begin PBXProject section */
		EB3F101018EE35FE0078FD8E /* Project object */ = {
			isa = PBXProject;
			attributes = {
				CLASSPREFIX = HoN;
				LastUpgradeCheck = 0510;
				ORGANIZATIONNAME = "Cbo Games";
				TargetAttributes = {
					EB3F101718EE35FE0078FD8E = {
						DevelopmentTeam = 8B3LJPM6FF;
					};
					EB3F103B18EE35FF0078FD8E = {
						TestTargetID = EB3F101718EE35FE0078FD8E;
					};
				};
			};
			buildConfigurationList = EB3F101318EE35FE0078FD8E /* Build configuration list for PBXProject "Thermal" */;
			compatibilityVersion = "Xcode 3.2";
			developmentRegion = English;
			hasScannedForEncodings = 0;
			knownRegions = (
				en,
				Base,
				de,
				ar,
				ca,
				cs,
				es,
				eu,
				fi,
				fr,
				it,
				ja,
				ko,
				nl,
				no,
				pl,
				pt,
				ru,
				sk,
				sv,
				vi,
				zh_CN,
				zh_TW,
			);
			mainGroup = EB3F100F18EE35FE0078FD8E;
			productRefGroup = EB3F101918EE35FE0078FD8E /* Products */;
			projectDirPath = "";
			projectReferences = (
				{
					ProductGroup = FF7691671935696500438D30 /* Products */;
					ProjectRef = FF7691661935696500438D30 /* VVDocumenter-Xcode.xcodeproj */;
				},
			);
			projectRoot = "";
			targets = (
				EB3F101718EE35FE0078FD8E /* Thermal */,
				EB3F103B18EE35FF0078FD8E /* ThermalTests */,
			);
		};
/* End PBXProject section */

/* Begin PBXReferenceProxy section */
		FF76916C1935696500438D30 /* VVDocumenter-Xcode.xcplugin */ = {
			isa = PBXReferenceProxy;
			fileType = wrapper.cfbundle;
			path = "VVDocumenter-Xcode.xcplugin";
			remoteRef = FF76916B1935696500438D30 /* PBXContainerItemProxy */;
			sourceTree = BUILT_PRODUCTS_DIR;
		};
		FF76916E1935696500438D30 /* VVDocumenterTests.xctest */ = {
			isa = PBXReferenceProxy;
			fileType = wrapper.cfbundle;
			path = VVDocumenterTests.xctest;
			remoteRef = FF76916D1935696500438D30 /* PBXContainerItemProxy */;
			sourceTree = BUILT_PRODUCTS_DIR;
		};
/* End PBXReferenceProxy section */

/* Begin PBXResourcesBuildPhase section */
		EB3F101618EE35FE0078FD8E /* Resources */ = {
			isa = PBXResourcesBuildPhase;
			buildActionMask = 2147483647;
			files = (
				FF876B7319230C6B00FC0C24 /* Readme.txt in Resources */,
				EB3F103718EE35FE0078FD8E /* Images.xcassets in Resources */,
				EB3F102F18EE35FE0078FD8E /* Main_iPhone.storyboard in Resources */,
				EB3F102618EE35FE0078FD8E /* InfoPlist.strings in Resources */,
				FF876B5419230C6B00FC0C24 /* Changelog.txt in Resources */,
			);
			runOnlyForDeploymentPostprocessing = 0;
		};
		EB3F103A18EE35FF0078FD8E /* Resources */ = {
			isa = PBXResourcesBuildPhase;
			buildActionMask = 2147483647;
			files = (
				EB3F104818EE35FF0078FD8E /* InfoPlist.strings in Resources */,
			);
			runOnlyForDeploymentPostprocessing = 0;
		};
/* End PBXResourcesBuildPhase section */

/* Begin PBXShellScriptBuildPhase section */
		FFACCD5E1937BDC00034D88A /* ShellScript */ = {
			isa = PBXShellScriptBuildPhase;
			buildActionMask = 2147483647;
			files = (
			);
			inputPaths = (
			);
			outputPaths = (
			);
			runOnlyForDeploymentPostprocessing = 0;
			shellPath = /bin/sh;
			shellScript = "#if [ ${CONFIGURATION} == \"Release\" ]; then\nAPPLEDOC_PATH=`which appledoc`\nif [ $APPLEDOC_PATH ]; then\n$APPLEDOC_PATH \\\n--project-name ${PRODUCT_NAME} \\\n--project-company \"thermal runaway\" \\\n--company-id \"thermal.runaway\" \\\n--output ${PRODUCT_NAME}Docs \\\n--keep-undocumented-objects \\\n--keep-undocumented-members \\\n--keep-intermediate-files \\\n--no-repeat-first-par \\\n--no-warn-invalid-crossref \\\n--exit-threshold 2 \\\n${PROJECT_DIR}/${PRODUCT_NAME}\nfi;\n#fi;";
		};
/* End PBXShellScriptBuildPhase section */

/* Begin PBXSourcesBuildPhase section */
		EB3F101418EE35FE0078FD8E /* Sources */ = {
			isa = PBXSourcesBuildPhase;
			buildActionMask = 2147483647;
			files = (
				FF283654190788FB00B683A1 /* AFHTTPRequestOperation.m in Sources */,
				EB1D63A718F20B48009A78B9 /* CompanyProfileVC.m in Sources */,
				EB35008C18EE4051009220E4 /* HoNVC.m in Sources */,
				EBB2D38818EE4985003021BF /* OverlayView.m in Sources */,
				EB3F102C18EE35FE0078FD8E /* HoNAppDelegate.m in Sources */,
				FF28365D190788FB00B683A1 /* AFNetworkActivityIndicatorManager.m in Sources */,
				FFB2B7F71914543D00649C0F /* DraggableGraphView.m in Sources */,
				FF28365C190788FB00B683A1 /* AFURLSessionManager.m in Sources */,
				FF283656190788FB00B683A1 /* AFHTTPSessionManager.m in Sources */,
				EB1D63A418F20506009A78B9 /* VoteCountTVC.m in Sources */,
				FF283657190788FB00B683A1 /* AFNetworkReachabilityManager.m in Sources */,
				FF283661190788FB00B683A1 /* UIImageView+AFNetworking.m in Sources */,
				FF283662190788FB00B683A1 /* UIProgressView+AFNetworking.m in Sources */,
				FFC130D619133B9F00A99035 /* MBProgressHUD.m in Sources */,
				FF28365B190788FB00B683A1 /* AFURLResponseSerialization.m in Sources */,
				FF283663190788FB00B683A1 /* UIRefreshControl+AFNetworking.m in Sources */,
				FF28365A190788FB00B683A1 /* AFURLRequestSerialization.m in Sources */,
				FF283659190788FB00B683A1 /* AFURLConnectionOperation.m in Sources */,
				FF283660190788FB00B683A1 /* UIButton+AFNetworking.m in Sources */,
				FF28365E190788FB00B683A1 /* UIActivityIndicatorView+AFNetworking.m in Sources */,
				FF283655190788FB00B683A1 /* AFHTTPRequestOperationManager.m in Sources */,
				EB3F102818EE35FE0078FD8E /* main.m in Sources */,
				FF283658190788FB00B683A1 /* AFSecurityPolicy.m in Sources */,
				EB35008918EE3BC8009220E4 /* DraggableView.m in Sources */,
				FF283664190788FB00B683A1 /* UIWebView+AFNetworking.m in Sources */,
				EBDC422D191C718C00B8AC9D /* ComparisonViewVC.m in Sources */,
				EB35008618EE3B9B009220E4 /* CompanyView.m in Sources */,
				FFF1C343190767BD00A24A99 /* HoNManager.m in Sources */,
				FF28365F190788FB00B683A1 /* UIAlertView+AFNetworking.m in Sources */,
			);
			runOnlyForDeploymentPostprocessing = 0;
		};
		EB3F103818EE35FF0078FD8E /* Sources */ = {
			isa = PBXSourcesBuildPhase;
			buildActionMask = 2147483647;
			files = (
				EB3F104A18EE35FF0078FD8E /* HotOrNotTests.m in Sources */,
			);
			runOnlyForDeploymentPostprocessing = 0;
		};
/* End PBXSourcesBuildPhase section */

/* Begin PBXTargetDependency section */
		EB3F104218EE35FF0078FD8E /* PBXTargetDependency */ = {
			isa = PBXTargetDependency;
			target = EB3F101718EE35FE0078FD8E /* Thermal */;
			targetProxy = EB3F104118EE35FF0078FD8E /* PBXContainerItemProxy */;
		};
/* End PBXTargetDependency section */

/* Begin PBXVariantGroup section */
		EB3F102418EE35FE0078FD8E /* InfoPlist.strings */ = {
			isa = PBXVariantGroup;
			children = (
				EB3F102518EE35FE0078FD8E /* en */,
			);
			name = InfoPlist.strings;
			sourceTree = "<group>";
		};
		EB3F102D18EE35FE0078FD8E /* Main_iPhone.storyboard */ = {
			isa = PBXVariantGroup;
			children = (
				EB3F102E18EE35FE0078FD8E /* Base */,
			);
			name = Main_iPhone.storyboard;
			path = HotOrNot;
			sourceTree = "<group>";
		};
		EB3F104618EE35FF0078FD8E /* InfoPlist.strings */ = {
			isa = PBXVariantGroup;
			children = (
				EB3F104718EE35FF0078FD8E /* en */,
			);
			name = InfoPlist.strings;
			sourceTree = "<group>";
		};
/* End PBXVariantGroup section */

/* Begin XCBuildConfiguration section */
		EB3F104B18EE35FF0078FD8E /* Debug */ = {
			isa = XCBuildConfiguration;
			buildSettings = {
				ALWAYS_SEARCH_USER_PATHS = NO;
				CLANG_CXX_LANGUAGE_STANDARD = "gnu++0x";
				CLANG_CXX_LIBRARY = "libc++";
				CLANG_ENABLE_MODULES = YES;
				CLANG_ENABLE_OBJC_ARC = YES;
				CLANG_WARN_BOOL_CONVERSION = YES;
				CLANG_WARN_CONSTANT_CONVERSION = YES;
				CLANG_WARN_DIRECT_OBJC_ISA_USAGE = YES_ERROR;
				CLANG_WARN_EMPTY_BODY = YES;
				CLANG_WARN_ENUM_CONVERSION = YES;
				CLANG_WARN_INT_CONVERSION = YES;
				CLANG_WARN_OBJC_ROOT_CLASS = YES_ERROR;
				CLANG_WARN__DUPLICATE_METHOD_MATCH = YES;
				"CODE_SIGN_IDENTITY[sdk=iphoneos*]" = "iPhone Developer";
				COPY_PHASE_STRIP = NO;
				GCC_C_LANGUAGE_STANDARD = gnu99;
				GCC_DYNAMIC_NO_PIC = NO;
				GCC_OPTIMIZATION_LEVEL = 0;
				GCC_PREPROCESSOR_DEFINITIONS = (
					"DEBUG=1",
					"$(inherited)",
				);
				GCC_SYMBOLS_PRIVATE_EXTERN = NO;
				GCC_WARN_64_TO_32_BIT_CONVERSION = YES;
				GCC_WARN_ABOUT_RETURN_TYPE = YES_ERROR;
				GCC_WARN_UNDECLARED_SELECTOR = YES;
				GCC_WARN_UNINITIALIZED_AUTOS = YES_AGGRESSIVE;
				GCC_WARN_UNUSED_FUNCTION = YES;
				GCC_WARN_UNUSED_VARIABLE = YES;
				IPHONEOS_DEPLOYMENT_TARGET = 7.1;
				ONLY_ACTIVE_ARCH = YES;
				SDKROOT = iphoneos;
				TARGETED_DEVICE_FAMILY = "1,2";
			};
			name = Debug;
		};
		EB3F104C18EE35FF0078FD8E /* Release */ = {
			isa = XCBuildConfiguration;
			buildSettings = {
				ALWAYS_SEARCH_USER_PATHS = NO;
				CLANG_CXX_LANGUAGE_STANDARD = "gnu++0x";
				CLANG_CXX_LIBRARY = "libc++";
				CLANG_ENABLE_MODULES = YES;
				CLANG_ENABLE_OBJC_ARC = YES;
				CLANG_WARN_BOOL_CONVERSION = YES;
				CLANG_WARN_CONSTANT_CONVERSION = YES;
				CLANG_WARN_DIRECT_OBJC_ISA_USAGE = YES_ERROR;
				CLANG_WARN_EMPTY_BODY = YES;
				CLANG_WARN_ENUM_CONVERSION = YES;
				CLANG_WARN_INT_CONVERSION = YES;
				CLANG_WARN_OBJC_ROOT_CLASS = YES_ERROR;
				CLANG_WARN__DUPLICATE_METHOD_MATCH = YES;
				"CODE_SIGN_IDENTITY[sdk=iphoneos*]" = "iPhone Developer";
				COPY_PHASE_STRIP = YES;
				ENABLE_NS_ASSERTIONS = NO;
				GCC_C_LANGUAGE_STANDARD = gnu99;
				GCC_WARN_64_TO_32_BIT_CONVERSION = YES;
				GCC_WARN_ABOUT_RETURN_TYPE = YES_ERROR;
				GCC_WARN_UNDECLARED_SELECTOR = YES;
				GCC_WARN_UNINITIALIZED_AUTOS = YES_AGGRESSIVE;
				GCC_WARN_UNUSED_FUNCTION = YES;
				GCC_WARN_UNUSED_VARIABLE = YES;
				IPHONEOS_DEPLOYMENT_TARGET = 7.1;
				SDKROOT = iphoneos;
				TARGETED_DEVICE_FAMILY = "1,2";
				VALIDATE_PRODUCT = YES;
			};
			name = Release;
		};
		EB3F104E18EE35FF0078FD8E /* Debug */ = {
			isa = XCBuildConfiguration;
			buildSettings = {
				ASSETCATALOG_COMPILER_APPICON_NAME = AppIcon;
				ASSETCATALOG_COMPILER_LAUNCHIMAGE_NAME = LaunchImage;
				CODE_SIGN_IDENTITY = "iPhone Developer";
				"CODE_SIGN_IDENTITY[sdk=iphoneos*]" = "iPhone Developer";
				FRAMEWORK_SEARCH_PATHS = (
					"$(inherited)",
					"$(PROJECT_DIR)",
				);
				GCC_PRECOMPILE_PREFIX_HEADER = YES;
				GCC_PREFIX_HEADER = "HotOrNot/Thermal-Prefix.pch";
				INFOPLIST_FILE = "HotOrNot/Thermal-Info.plist";
				LIBRARY_SEARCH_PATHS = (
					"$(inherited)",
					"$(PROJECT_DIR)/GoogleAnalytics",
				);
				PRODUCT_NAME = Thermal;
				PROVISIONING_PROFILE = "104B3D56-BEF4-4341-9BDF-9CAD429F61BF";
				TARGETED_DEVICE_FAMILY = "1,2";
				WRAPPER_EXTENSION = app;
			};
			name = Debug;
		};
		EB3F104F18EE35FF0078FD8E /* Release */ = {
			isa = XCBuildConfiguration;
			buildSettings = {
				ASSETCATALOG_COMPILER_APPICON_NAME = AppIcon;
				ASSETCATALOG_COMPILER_LAUNCHIMAGE_NAME = LaunchImage;
				CODE_SIGN_IDENTITY = "iPhone Developer";
				"CODE_SIGN_IDENTITY[sdk=iphoneos*]" = "iPhone Developer";
				FRAMEWORK_SEARCH_PATHS = (
					"$(inherited)",
					"$(PROJECT_DIR)",
				);
				GCC_PRECOMPILE_PREFIX_HEADER = YES;
				GCC_PREFIX_HEADER = "HotOrNot/Thermal-Prefix.pch";
				INFOPLIST_FILE = "HotOrNot/Thermal-Info.plist";
				LIBRARY_SEARCH_PATHS = (
					"$(inherited)",
					"$(PROJECT_DIR)/GoogleAnalytics",
				);
				PRODUCT_NAME = Thermal;
				PROVISIONING_PROFILE = "104B3D56-BEF4-4341-9BDF-9CAD429F61BF";
				TARGETED_DEVICE_FAMILY = "1,2";
				WRAPPER_EXTENSION = app;
			};
			name = Release;
		};
		EB3F105118EE35FF0078FD8E /* Debug */ = {
			isa = XCBuildConfiguration;
			buildSettings = {
				BUNDLE_LOADER = "$(BUILT_PRODUCTS_DIR)/HotOrNot.app/HotOrNot";
				FRAMEWORK_SEARCH_PATHS = (
					"$(SDKROOT)/Developer/Library/Frameworks",
					"$(inherited)",
					"$(DEVELOPER_FRAMEWORKS_DIR)",
				);
				GCC_PRECOMPILE_PREFIX_HEADER = YES;
				GCC_PREFIX_HEADER = "HotOrNot/HotOrNot-Prefix.pch";
				GCC_PREPROCESSOR_DEFINITIONS = (
					"DEBUG=1",
					"$(inherited)",
				);
				INFOPLIST_FILE = "HotOrNotTests/ThermalTests-Info.plist";
				PRODUCT_NAME = ThermalTests;
				TEST_HOST = "$(BUNDLE_LOADER)";
				WRAPPER_EXTENSION = xctest;
			};
			name = Debug;
		};
		EB3F105218EE35FF0078FD8E /* Release */ = {
			isa = XCBuildConfiguration;
			buildSettings = {
				BUNDLE_LOADER = "$(BUILT_PRODUCTS_DIR)/HotOrNot.app/HotOrNot";
				FRAMEWORK_SEARCH_PATHS = (
					"$(SDKROOT)/Developer/Library/Frameworks",
					"$(inherited)",
					"$(DEVELOPER_FRAMEWORKS_DIR)",
				);
				GCC_PRECOMPILE_PREFIX_HEADER = YES;
				GCC_PREFIX_HEADER = "HotOrNot/HotOrNot-Prefix.pch";
				INFOPLIST_FILE = "HotOrNotTests/ThermalTests-Info.plist";
				PRODUCT_NAME = ThermalTests;
				TEST_HOST = "$(BUNDLE_LOADER)";
				WRAPPER_EXTENSION = xctest;
			};
			name = Release;
		};
/* End XCBuildConfiguration section */

/* Begin XCConfigurationList section */
		EB3F101318EE35FE0078FD8E /* Build configuration list for PBXProject "Thermal" */ = {
			isa = XCConfigurationList;
			buildConfigurations = (
				EB3F104B18EE35FF0078FD8E /* Debug */,
				EB3F104C18EE35FF0078FD8E /* Release */,
			);
			defaultConfigurationIsVisible = 0;
			defaultConfigurationName = Release;
		};
		EB3F104D18EE35FF0078FD8E /* Build configuration list for PBXNativeTarget "Thermal" */ = {
			isa = XCConfigurationList;
			buildConfigurations = (
				EB3F104E18EE35FF0078FD8E /* Debug */,
				EB3F104F18EE35FF0078FD8E /* Release */,
			);
			defaultConfigurationIsVisible = 0;
			defaultConfigurationName = Release;
		};
		EB3F105018EE35FF0078FD8E /* Build configuration list for PBXNativeTarget "ThermalTests" */ = {
			isa = XCConfigurationList;
			buildConfigurations = (
				EB3F105118EE35FF0078FD8E /* Debug */,
				EB3F105218EE35FF0078FD8E /* Release */,
			);
			defaultConfigurationIsVisible = 0;
			defaultConfigurationName = Release;
		};
/* End XCConfigurationList section */
	};
	rootObject = EB3F101018EE35FE0078FD8E /* Project object */;
}
